{
  "name": "etherscan",
  "lockfileVersion": 2,
  "requires": true,
  "packages": {
    "": {
      "devDependencies": {
        "@divergencetech/ethier": "^0.32.0",
        "@openzeppelin/contracts": "^4.7.0"
      }
    },
    "node_modules/@chainlink/contracts": {
      "version": "0.3.1",
      "resolved": "https://registry.npmjs.org/@chainlink/contracts/-/contracts-0.3.1.tgz",
      "integrity": "sha512-A8DRvmfNCwLS1iduPPj7wNAZJMe9/ZimMhoHhbbBiq+7Vq/HFjiNcdoQ5NinFdXD5aTsoNUGG5pAYKj7YMpm9A==",
      "dev": true
    },
    "node_modules/@divergencetech/ethier": {
      "version": "0.32.0",
      "resolved": "https://registry.npmjs.org/@divergencetech/ethier/-/ethier-0.32.0.tgz",
      "integrity": "sha512-1jrmwBrcLVsiOKeNK0mpOHtjpNjnk8fU9kkcSWVgLSBa/x1f6UUAn3whliT5tF5SwrQeDd51V6W+pDB10cIfZA==",
      "dev": true,
      "dependencies": {
        "@chainlink/contracts": "^0.3.0",
        "@openzeppelin/contracts": "^4.6",
        "@openzeppelin/contracts-upgradeable": "^4.4.1",
        "erc721a": "^4.0.0"
      }
    },
    "node_modules/@openzeppelin/contracts": {
      "version": "4.7.0",
      "resolved": "https://registry.npmjs.org/@openzeppelin/contracts/-/contracts-4.7.0.tgz",
      "integrity": "sha512-52Qb+A1DdOss8QvJrijYYPSf32GUg2pGaG/yCxtaA3cu4jduouTdg4XZSMLW9op54m1jH7J8hoajhHKOPsoJFw==",
      "dev": true
    },
    "node_modules/@openzeppelin/contracts-upgradeable": {
      "version": "4.7.0",
      "resolved": "https://registry.npmjs.org/@openzeppelin/contracts-upgradeable/-/contracts-upgradeable-4.7.0.tgz",
      "integrity": "sha512-wO3PyoAaAV/rA77cK8H4c3SbO98QylTjfiFxyvURUZKTFLV180rnAvna1x7/Nxvt0Gqv+jt1sXKC7ygxsq8iCw==",
      "dev": true
    },
    "node_modules/erc721a": {
      "version": "4.1.0",
      "resolved": "https://registry.npmjs.org/erc721a/-/erc721a-4.1.0.tgz",
      "integrity": "sha512-qah/BMNilUpnGuLbvw4BTJckIlSZ9DVABx8pz0b65CU5zAAXCF4ivcae1spa4tq1pL7+R0QDLcqL0G1JEVVZGQ==",
      "dev": true
    }
  },
  "dependencies": {
    "@chainlink/contracts": {
      "version": "0.3.1",
      "resolved": "https://registry.npmjs.org/@chainlink/contracts/-/contracts-0.3.1.tgz",
      "integrity": "sha512-A8DRvmfNCwLS1iduPPj7wNAZJMe9/ZimMhoHhbbBiq+7Vq/HFjiNcdoQ5NinFdXD5aTsoNUGG5pAYKj7YMpm9A==",
      "dev": true
    },
    "@divergencetech/ethier": {
      "version": "0.32.0",
      "resolved": "https://registry.npmjs.org/@divergencetech/ethier/-/ethier-0.32.0.tgz",
      "integrity": "sha512-1jrmwBrcLVsiOKeNK0mpOHtjpNjnk8fU9kkcSWVgLSBa/x1f6UUAn3whliT5tF5SwrQeDd51V6W+pDB10cIfZA==",
      "dev": true,
      "requires": {
        "@chainlink/contracts": "^0.3.0",
        "@openzeppelin/contracts": "^4.6",
        "@openzeppelin/contracts-upgradeable": "^4.4.1",
        "erc721a": "^4.0.0"
      }
    },
    "@openzeppelin/contracts": {
      "version": "4.7.0",
      "resolved": "https://registry.npmjs.org/@openzeppelin/contracts/-/contracts-4.7.0.tgz",
      "integrity": "sha512-52Qb+A1DdOss8QvJrijYYPSf32GUg2pGaG/yCxtaA3cu4jduouTdg4XZSMLW9op54m1jH7J8hoajhHKOPsoJFw==",
      "dev": true
    },
    "@openzeppelin/contracts-upgradeable": {
      "version": "4.7.0",
      "resolved": "https://registry.npmjs.org/@openzeppelin/contracts-upgradeable/-/contracts-upgradeable-4.7.0.tgz",
      "integrity": "sha512-wO3PyoAaAV/rA77cK8H4c3SbO98QylTjfiFxyvURUZKTFLV180rnAvna1x7/Nxvt0Gqv+jt1sXKC7ygxsq8iCw==",
      "dev": true
    },
    "erc721a": {
      "version": "4.1.0",
      "resolved": "https://registry.npmjs.org/erc721a/-/erc721a-4.1.0.tgz",
      "integrity": "sha512-qah/BMNilUpnGuLbvw4BTJckIlSZ9DVABx8pz0b65CU5zAAXCF4ivcae1spa4tq1pL7+R0QDLcqL0G1JEVVZGQ==",
      "dev": true
    }
  }
}
